
Microsoft Visual Studio Solution File, Format Version 12.00
# Visual Studio Version 16
VisualStudioVersion = 16.0.30128.74
MinimumVisualStudioVersion = 10.0.40219.1
Project("{FAE04EC0-301F-11D3-BF4B-00C04F79EFBC}") = "DatabaseProject", "DatabaseProject\DatabaseProject.csproj", "{3DDF8ED1-6F36-4A07-A3AB-73201D8AF7D7}"
EndProject
Global
	GlobalSection(SolutionConfigurationPlatforms) = preSolution
		Debug|Any CPU = Debug|Any CPU
		Debug|x64 = Debug|x64
		MOBA|Any CPU = MOBA|Any CPU
		MOBA|x64 = MOBA|x64
		Release|Any CPU = Release|Any CPU
		Release|x64 = Release|x64
	EndGlobalSection
	GlobalSection(ProjectConfigurationPlatforms) = postSolution
		{3DDF8ED1-6F36-4A07-A3AB-73201D8AF7D7}.Debug|Any CPU.ActiveCfg = Debug|Any CPU
		{3DDF8ED1-6F36-4A07-A3AB-73201D8AF7D7}.Debug|Any CPU.Build.0 = Debug|Any CPU
		{3DDF8ED1-6F36-4A07-A3AB-73201D8AF7D7}.Debug|x64.ActiveCfg = Debug|x64
		{3DDF8ED1-6F36-4A07-A3AB-73201D8AF7D7}.Debug|x64.Build.0 = Debug|x64
		{3DDF8ED1-6F36-4A07-A3AB-73201D8AF7D7}.MOBA|Any CPU.ActiveCfg = MOBA|Any CPU
		{3DDF8ED1-6F36-4A07-A3AB-73201D8AF7D7}.MOBA|Any CPU.Build.0 = MOBA|Any CPU
		{3DDF8ED1-6F36-4A07-A3AB-73201D8AF7D7}.MOBA|x64.ActiveCfg = MOBA|x64
		{3DDF8ED1-6F36-4A07-A3AB-73201D8AF7D7}.MOBA|x64.Build.0 = MOBA|x64
		{3DDF8ED1-6F36-4A07-A3AB-73201D8AF7D7}.Release|Any CPU.ActiveCfg = Release|Any CPU
		{3DDF8ED1-6F36-4A07-A3AB-73201D8AF7D7}.Release|Any CPU.Build.0 = Release|Any CPU
		{3DDF8ED1-6F36-4A07-A3AB-73201D8AF7D7}.Release|x64.ActiveCfg = Release|x64
		{3DDF8ED1-6F36-4A07-A3AB-73201D8AF7D7}.Release|x64.Build.0 = Release|x64
	EndGlobalSection
	GlobalSection(SolutionProperties) = preSolution
		HideSolutionNode = FALSE
	EndGlobalSection
	GlobalSection(ExtensibilityGlobals) = postSolution
		SolutionGuid = {794494C2-70F6-4B01-AFF4-7E1F36A45414}
	EndGlobalSection
EndGlobal
